
Microsoft Visual Studio Solution File, Format Version 12.00
# Visual Studio Version 17
VisualStudioVersion = 17.3.32811.315
MinimumVisualStudioVersion = 10.0.40219.1
Project("{8BC9CEB8-8B4A-11D0-8D11-00A0C91BC942}") = "chess", "chess\chess.vcxproj", "{8876D698-AC95-42E7-9F81-E10FBB4CF76E}"
EndProject
Project("{8BC9CEB8-8B4A-11D0-8D11-00A0C91BC942}") = "FrontEnd", "FrontEnd\FrontEnd.vcxproj", "{7EC1649F-A869-4A6B-A988-368C34C5E79D}"
EndProject
Global
	GlobalSection(SolutionConfigurationPlatforms) = preSolution
		Debug|x64 = Debug|x64
		Debug|x86 = Debug|x86
		Release|x64 = Release|x64
		Release|x86 = Release|x86
	EndGlobalSection
	GlobalSection(ProjectConfigurationPlatforms) = postSolution
		{8876D698-AC95-42E7-9F81-E10FBB4CF76E}.Debug|x64.ActiveCfg = Debug|x64
		{8876D698-AC95-42E7-9F81-E10FBB4CF76E}.Debug|x64.Build.0 = Debug|x64
		{8876D698-AC95-42E7-9F81-E10FBB4CF76E}.Debug|x86.ActiveCfg = Debug|Win32
		{8876D698-AC95-42E7-9F81-E10FBB4CF76E}.Debug|x86.Build.0 = Debug|Win32
		{8876D698-AC95-42E7-9F81-E10FBB4CF76E}.Release|x64.ActiveCfg = Release|x64
		{8876D698-AC95-42E7-9F81-E10FBB4CF76E}.Release|x64.Build.0 = Release|x64
		{8876D698-AC95-42E7-9F81-E10FBB4CF76E}.Release|x86.ActiveCfg = Release|Win32
		{8876D698-AC95-42E7-9F81-E10FBB4CF76E}.Release|x86.Build.0 = Release|Win32
		{7EC1649F-A869-4A6B-A988-368C34C5E79D}.Debug|x64.ActiveCfg = Debug|x64
		{7EC1649F-A869-4A6B-A988-368C34C5E79D}.Debug|x64.Build.0 = Debug|x64
		{7EC1649F-A869-4A6B-A988-368C34C5E79D}.Debug|x86.ActiveCfg = Debug|Win32
		{7EC1649F-A869-4A6B-A988-368C34C5E79D}.Debug|x86.Build.0 = Debug|Win32
		{7EC1649F-A869-4A6B-A988-368C34C5E79D}.Release|x64.ActiveCfg = Release|x64
		{7EC1649F-A869-4A6B-A988-368C34C5E79D}.Release|x64.Build.0 = Release|x64
		{7EC1649F-A869-4A6B-A988-368C34C5E79D}.Release|x86.ActiveCfg = Release|Win32
		{7EC1649F-A869-4A6B-A988-368C34C5E79D}.Release|x86.Build.0 = Release|Win32
	EndGlobalSection
	GlobalSection(SolutionProperties) = preSolution
		HideSolutionNode = FALSE
	EndGlobalSection
	GlobalSection(ExtensibilityGlobals) = postSolution
		SolutionGuid = {A23E1184-66C8-4696-A655-85334CF3B6C8}
	EndGlobalSection
EndGlobal
